{
  "name": "zepp-improved-api",
  "version": "1.0.0",
  "lockfileVersion": 3,
  "requires": true,
  "packages": {
    "": {
      "name": "zepp-improved-api",
      "version": "1.0.0",
      "license": "BSD-2-Clause",
      "devDependencies": {
        "zeppos-device-types-v1": "^1.0.0"
      }
    },
    "node_modules/zeppos-device-types-v1": {
      "version": "1.0.8",
      "resolved": "https://registry.npmjs.org/zeppos-device-types-v1/-/zeppos-device-types-v1-1.0.8.tgz",
      "integrity": "sha512-TlM64f7cZQ2KZHzelXC6Asd3CV/swZRrpSckCsqaiUCwhSWzdT901X4JAkKl0VZes/XftzMIcE8958KNr3RRXQ==",
      "dev": true
    }
  }
}
